
Microsoft Visual Studio Solution File, Format Version 12.00
# Visual Studio 15
VisualStudioVersion = 15.0.28307.136
MinimumVisualStudioVersion = 10.0.40219.1
Project("{FAE04EC0-301F-11D3-BF4B-00C04F79EFBC}") = "WpfComplexModelBindingPoco", "WpfComplexModelBindingPoco\WpfComplexModelBindingPoco.csproj", "{88E8D245-9F2C-4E05-A28A-25EC2B909EEB}"
EndProject
Global
	GlobalSection(SolutionConfigurationPlatforms) = preSolution
		Debug|Any CPU = Debug|Any CPU
		Release|Any CPU = Release|Any CPU
	EndGlobalSection
	GlobalSection(ProjectConfigurationPlatforms) = postSolution
		{88E8D245-9F2C-4E05-A28A-25EC2B909EEB}.Debug|Any CPU.ActiveCfg = Debug|Any CPU
		{88E8D245-9F2C-4E05-A28A-25EC2B909EEB}.Debug|Any CPU.Build.0 = Debug|Any CPU
		{88E8D245-9F2C-4E05-A28A-25EC2B909EEB}.Release|Any CPU.ActiveCfg = Release|Any CPU
		{88E8D245-9F2C-4E05-A28A-25EC2B909EEB}.Release|Any CPU.Build.0 = Release|Any CPU
	EndGlobalSection
	GlobalSection(SolutionProperties) = preSolution
		HideSolutionNode = FALSE
	EndGlobalSection
	GlobalSection(ExtensibilityGlobals) = postSolution
		SolutionGuid = {BD65A9DA-7F83-435A-BA1E-8299563121B8}
	EndGlobalSection
EndGlobal
